
Microsoft Visual Studio Solution File, Format Version 12.00
# Visual Studio Version 16
VisualStudioVersion = 16.0.29521.150
MinimumVisualStudioVersion = 10.0.40219.1
Project("{FAE04EC0-301F-11D3-BF4B-00C04F79EFBC}") = "Parser.Server", "Parser\Server\Parser.Server.csproj", "{0C949E84-7E8E-4C77-9002-E991AE7941C1}"
EndProject
Project("{FAE04EC0-301F-11D3-BF4B-00C04F79EFBC}") = "Parser.Client", "Parser\Client\Parser.Client.csproj", "{C4F0B135-2E4A-4240-A813-4AFB23B4C97C}"
EndProject
Project("{FAE04EC0-301F-11D3-BF4B-00C04F79EFBC}") = "Parser.Shared", "Parser\Shared\Parser.Shared.csproj", "{829C7C35-6EB0-4DE9-8164-A950A195685F}"
EndProject
Global
	GlobalSection(SolutionConfigurationPlatforms) = preSolution
		Debug|Any CPU = Debug|Any CPU
		Release|Any CPU = Release|Any CPU
	EndGlobalSection
	GlobalSection(ProjectConfigurationPlatforms) = postSolution
		{0C949E84-7E8E-4C77-9002-E991AE7941C1}.Debug|Any CPU.ActiveCfg = Debug|Any CPU
		{0C949E84-7E8E-4C77-9002-E991AE7941C1}.Debug|Any CPU.Build.0 = Debug|Any CPU
		{0C949E84-7E8E-4C77-9002-E991AE7941C1}.Release|Any CPU.ActiveCfg = Release|Any CPU
		{0C949E84-7E8E-4C77-9002-E991AE7941C1}.Release|Any CPU.Build.0 = Release|Any CPU
		{C4F0B135-2E4A-4240-A813-4AFB23B4C97C}.Debug|Any CPU.ActiveCfg = Debug|Any CPU
		{C4F0B135-2E4A-4240-A813-4AFB23B4C97C}.Debug|Any CPU.Build.0 = Debug|Any CPU
		{C4F0B135-2E4A-4240-A813-4AFB23B4C97C}.Release|Any CPU.ActiveCfg = Release|Any CPU
		{C4F0B135-2E4A-4240-A813-4AFB23B4C97C}.Release|Any CPU.Build.0 = Release|Any CPU
		{829C7C35-6EB0-4DE9-8164-A950A195685F}.Debug|Any CPU.ActiveCfg = Debug|Any CPU
		{829C7C35-6EB0-4DE9-8164-A950A195685F}.Debug|Any CPU.Build.0 = Debug|Any CPU
		{829C7C35-6EB0-4DE9-8164-A950A195685F}.Release|Any CPU.ActiveCfg = Release|Any CPU
		{829C7C35-6EB0-4DE9-8164-A950A195685F}.Release|Any CPU.Build.0 = Release|Any CPU
	EndGlobalSection
	GlobalSection(SolutionProperties) = preSolution
		HideSolutionNode = FALSE
	EndGlobalSection
	GlobalSection(ExtensibilityGlobals) = postSolution
		SolutionGuid = {BA03D2FB-F3A5-4E1D-A64C-922B2F01F725}
	EndGlobalSection
EndGlobal
